
Microsoft Visual Studio Solution File, Format Version 12.00
# Visual Studio Version 17
VisualStudioVersion = 17.14.36127.28
MinimumVisualStudioVersion = 10.0.40219.1
Project("{2150E333-8FDC-42A3-9474-1A3956D46DE8}") = ".github", ".github", "{9FA3D6BD-1EC1-3BA5-80CB-CE02773A58D5}"
	ProjectSection(SolutionItems) = preProject
		.github\rules\001-project-overview.mdc = .github\rules\001-project-overview.mdc
		.github\rules\200-coding-style.mdc = .github\rules\200-coding-style.mdc
		.github\rules\300-react-guidelines.mdc = .github\rules\300-react-guidelines.mdc
		.github\rules\400-architecture.mdc = .github\rules\400-architecture.mdc
		.github\rules\500-faq.mdc = .github\rules\500-faq.mdc
		.github\rules\600-code-examples.mdc = .github\rules\600-code-examples.mdc
		.github\rules\700-glossary.mdc = .github\rules\700-glossary.mdc
		.github\rules\800-api-standards.mdc = .github\rules\800-api-standards.mdc
		.github\rules\900-testing-standards.mdc = .github\rules\900-testing-standards.mdc
		.github\rules\999-ai-interaction.mdc = .github\rules\999-ai-interaction.mdc
		.github\copilot-instructions.md = .github\copilot-instructions.md
		.github\workflows\release.yml = .github\workflows\release.yml
	EndProjectSection
EndProject
Project("{2150E333-8FDC-42A3-9474-1A3956D46DE8}") = "script", "script", "{02EA681E-C7D8-13C7-8484-4AC65E1B71E8}"
	ProjectSection(SolutionItems) = preProject
		script\agent.sh = script\agent.sh
		script\api.md = script\api.md
		script\apt.txt = script\apt.txt
		Script\deploy.sh = Script\deploy.sh
		script\publish.sh = script\publish.sh
		script\requirements.md = script\requirements.md
	EndProjectSection
EndProject
Project("{FAE04EC0-301F-11D3-BF4B-00C04F79EFBC}") = "Agent.Cli", "Agent.Cli\Agent.Cli.csproj", "{1E7EFC5B-A37D-40A9-A75E-478F35D9168E}"
EndProject
Project("{2150E333-8FDC-42A3-9474-1A3956D46DE8}") = "agent", "agent", "{27C38E71-5DF6-4A65-8CEA-03CF9E04F032}"
	ProjectSection(SolutionItems) = preProject
		.env = .env
		README.md = README.md
	EndProjectSection
EndProject
Global
	GlobalSection(SolutionConfigurationPlatforms) = preSolution
		Debug|Any CPU = Debug|Any CPU
		Release|Any CPU = Release|Any CPU
	EndGlobalSection
	GlobalSection(ProjectConfigurationPlatforms) = postSolution
		{1E7EFC5B-A37D-40A9-A75E-478F35D9168E}.Debug|Any CPU.ActiveCfg = Debug|Any CPU
		{1E7EFC5B-A37D-40A9-A75E-478F35D9168E}.Debug|Any CPU.Build.0 = Debug|Any CPU
		{1E7EFC5B-A37D-40A9-A75E-478F35D9168E}.Release|Any CPU.ActiveCfg = Release|Any CPU
		{1E7EFC5B-A37D-40A9-A75E-478F35D9168E}.Release|Any CPU.Build.0 = Release|Any CPU
	EndGlobalSection
	GlobalSection(SolutionProperties) = preSolution
		HideSolutionNode = FALSE
	EndGlobalSection
	GlobalSection(ExtensibilityGlobals) = postSolution
		SolutionGuid = {E671981C-F6D1-46E1-8073-161FBCA06345}
	EndGlobalSection
EndGlobal
